// !$*UTF8*$!
{
	archiveVersion = 1;
	classes = {
	};
	objectVersion = 55;
	objects = {

/* Begin PBXBuildFile section */
		06A5504B29775D5300EF5F57 /* AppDelegate.swift in Sources */ = {isa = PBXBuildFile; fileRef = 06A5504A29775D5300EF5F57 /* AppDelegate.swift */; };
		06A5504D29775D5300EF5F57 /* GameScene.sks in Resources */ = {isa = PBXBuildFile; fileRef = 06A5504C29775D5300EF5F57 /* GameScene.sks */; };
		06A5504F29775D5300EF5F57 /* Actions.sks in Resources */ = {isa = PBXBuildFile; fileRef = 06A5504E29775D5300EF5F57 /* Actions.sks */; };
		06A5505129775D5300EF5F57 /* GameScene.swift in Sources */ = {isa = PBXBuildFile; fileRef = 06A5505029775D5300EF5F57 /* GameScene.swift */; };
		06A5505329775D5300EF5F57 /* GameViewController.swift in Sources */ = {isa = PBXBuildFile; fileRef = 06A5505229775D5300EF5F57 /* GameViewController.swift */; };
		06A5505629775D5300EF5F57 /* Main.storyboard in Resources */ = {isa = PBXBuildFile; fileRef = 06A5505429775D5300EF5F57 /* Main.storyboard */; };
		06A5505829775D5400EF5F57 /* Assets.xcassets in Resources */ = {isa = PBXBuildFile; fileRef = 06A5505729775D5400EF5F57 /* Assets.xcassets */; };
		06A5505B29775D5400EF5F57 /* LaunchScreen.storyboard in Resources */ = {isa = PBXBuildFile; fileRef = 06A5505929775D5400EF5F57 /* LaunchScreen.storyboard */; };
		06A5506D297B46B600EF5F57 /* Background.swift in Sources */ = {isa = PBXBuildFile; fileRef = 06A5506C297B46B600EF5F57 /* Background.swift */; };
		06A55070297B471400EF5F57 /* GameObject.swift in Sources */ = {isa = PBXBuildFile; fileRef = 06A5506F297B471400EF5F57 /* GameObject.swift */; };
		06A55074297B4C4600EF5F57 /* Reel.swift in Sources */ = {isa = PBXBuildFile; fileRef = 06A55073297B4C4600EF5F57 /* Reel.swift */; };
		708383B30B7E501759E6392E /* Pods_slot_machine.framework in Frameworks */ = {isa = PBXBuildFile; fileRef = 82B995BFCE83791459F67CC9 /* Pods_slot_machine.framework */; };
		913715DA299D1AA40094A4DC /* Course.swift in Sources */ = {isa = PBXBuildFile; fileRef = 913715D9299D1AA40094A4DC /* Course.swift */; };
		91D7874C299D15160058B5AE /* GoogleService-Info.plist in Resources */ = {isa = PBXBuildFile; fileRef = 91D7874B299D15160058B5AE /* GoogleService-Info.plist */; };
		91F6D60D299DCC30008A5E9F /* CourseRepository.swift in Sources */ = {isa = PBXBuildFile; fileRef = 91F6D60C299DCC30008A5E9F /* CourseRepository.swift */; };
		E338658F29778407006BFF33 /* StartPageViewController.swift in Sources */ = {isa = PBXBuildFile; fileRef = E338658E29778407006BFF33 /* StartPageViewController.swift */; };
/* End PBXBuildFile section */

/* Begin PBXFileReference section */
		06A5504729775D5300EF5F57 /* Slot Machine.app */ = {isa = PBXFileReference; explicitFileType = wrapper.application; includeInIndex = 0; path = "Slot Machine.app"; sourceTree = BUILT_PRODUCTS_DIR; };
		06A5504A29775D5300EF5F57 /* AppDelegate.swift */ = {isa = PBXFileReference; lastKnownFileType = sourcecode.swift; path = AppDelegate.swift; sourceTree = "<group>"; };
		06A5504C29775D5300EF5F57 /* GameScene.sks */ = {isa = PBXFileReference; lastKnownFileType = file.sks; path = GameScene.sks; sourceTree = "<group>"; };
		06A5504E29775D5300EF5F57 /* Actions.sks */ = {isa = PBXFileReference; lastKnownFileType = file.sks; path = Actions.sks; sourceTree = "<group>"; };
		06A5505029775D5300EF5F57 /* GameScene.swift */ = {isa = PBXFileReference; lastKnownFileType = sourcecode.swift; path = GameScene.swift; sourceTree = "<group>"; };
		06A5505229775D5300EF5F57 /* GameViewController.swift */ = {isa = PBXFileReference; lastKnownFileType = sourcecode.swift; path = GameViewController.swift; sourceTree = "<group>"; };
		06A5505529775D5300EF5F57 /* Base */ = {isa = PBXFileReference; lastKnownFileType = file.storyboard; name = Base; path = Base.lproj/Main.storyboard; sourceTree = "<group>"; };
		06A5505729775D5400EF5F57 /* Assets.xcassets */ = {isa = PBXFileReference; lastKnownFileType = folder.assetcatalog; path = Assets.xcassets; sourceTree = "<group>"; };
		06A5505A29775D5400EF5F57 /* Base */ = {isa = PBXFileReference; lastKnownFileType = file.storyboard; name = Base; path = Base.lproj/LaunchScreen.storyboard; sourceTree = "<group>"; };
		06A5506C297B46B600EF5F57 /* Background.swift */ = {isa = PBXFileReference; lastKnownFileType = sourcecode.swift; path = Background.swift; sourceTree = "<group>"; };
		06A5506F297B471400EF5F57 /* GameObject.swift */ = {isa = PBXFileReference; lastKnownFileType = sourcecode.swift; path = GameObject.swift; sourceTree = "<group>"; };
		06A55073297B4C4600EF5F57 /* Reel.swift */ = {isa = PBXFileReference; lastKnownFileType = sourcecode.swift; path = Reel.swift; sourceTree = "<group>"; };
		5596957A3BE330A36CB2F7F1 /* Pods-slot-machine.debug.xcconfig */ = {isa = PBXFileReference; includeInIndex = 1; lastKnownFileType = text.xcconfig; name = "Pods-slot-machine.debug.xcconfig"; path = "Target Support Files/Pods-slot-machine/Pods-slot-machine.debug.xcconfig"; sourceTree = "<group>"; };
		82B995BFCE83791459F67CC9 /* Pods_slot_machine.framework */ = {isa = PBXFileReference; explicitFileType = wrapper.framework; includeInIndex = 0; path = Pods_slot_machine.framework; sourceTree = BUILT_PRODUCTS_DIR; };
		913715D9299D1AA40094A4DC /* Course.swift */ = {isa = PBXFileReference; lastKnownFileType = sourcecode.swift; path = Course.swift; sourceTree = "<group>"; };
		91D7874B299D15160058B5AE /* GoogleService-Info.plist */ = {isa = PBXFileReference; fileEncoding = 4; lastKnownFileType = text.plist.xml; path = "GoogleService-Info.plist"; sourceTree = "<group>"; };
		91F6D60C299DCC30008A5E9F /* CourseRepository.swift */ = {isa = PBXFileReference; lastKnownFileType = sourcecode.swift; path = CourseRepository.swift; sourceTree = "<group>"; };
		B5D4EEBD9DE265516EA803A6 /* Pods-slot-machine.release.xcconfig */ = {isa = PBXFileReference; includeInIndex = 1; lastKnownFileType = text.xcconfig; name = "Pods-slot-machine.release.xcconfig"; path = "Target Support Files/Pods-slot-machine/Pods-slot-machine.release.xcconfig"; sourceTree = "<group>"; };
		E338658E29778407006BFF33 /* StartPageViewController.swift */ = {isa = PBXFileReference; lastKnownFileType = sourcecode.swift; path = StartPageViewController.swift; sourceTree = "<group>"; };
/* End PBXFileReference section */

/* Begin PBXFrameworksBuildPhase section */
		06A5504429775D5300EF5F57 /* Frameworks */ = {
			isa = PBXFrameworksBuildPhase;
			buildActionMask = 2147483647;
			files = (
				708383B30B7E501759E6392E /* Pods_slot_machine.framework in Frameworks */,
			);
			runOnlyForDeploymentPostprocessing = 0;
		};
/* End PBXFrameworksBuildPhase section */

/* Begin PBXGroup section */
		06A5503E29775D5300EF5F57 = {
			isa = PBXGroup;
			children = (
				06A5504929775D5300EF5F57 /* slot-machine */,
				06A5504829775D5300EF5F57 /* Products */,
				5457C4F1A2123A24D517B2B6 /* Pods */,
				93EFAF57D45911313418240B /* Frameworks */,
			);
			sourceTree = "<group>";
		};
		06A5504829775D5300EF5F57 /* Products */ = {
			isa = PBXGroup;
			children = (
				06A5504729775D5300EF5F57 /* Slot Machine.app */,
			);
			name = Products;
			sourceTree = "<group>";
		};
		06A5504929775D5300EF5F57 /* slot-machine */ = {
			isa = PBXGroup;
			children = (
				06A5506E297B46FC00EF5F57 /* Core */,
				06A5506B297B469300EF5F57 /* GameObjects */,
				06A5504A29775D5300EF5F57 /* AppDelegate.swift */,
				06A5504C29775D5300EF5F57 /* GameScene.sks */,
				06A5504E29775D5300EF5F57 /* Actions.sks */,
				06A5505029775D5300EF5F57 /* GameScene.swift */,
				E338658E29778407006BFF33 /* StartPageViewController.swift */,
				06A5505229775D5300EF5F57 /* GameViewController.swift */,
				06A5505429775D5300EF5F57 /* Main.storyboard */,
				91D7874B299D15160058B5AE /* GoogleService-Info.plist */,
				06A5505729775D5400EF5F57 /* Assets.xcassets */,
				06A5505929775D5400EF5F57 /* LaunchScreen.storyboard */,
				913715D9299D1AA40094A4DC /* Course.swift */,
				91F6D60C299DCC30008A5E9F /* CourseRepository.swift */,
			);
			path = "slot-machine";
			sourceTree = "<group>";
		};
		06A5506B297B469300EF5F57 /* GameObjects */ = {
			isa = PBXGroup;
			children = (
				06A5506C297B46B600EF5F57 /* Background.swift */,
				06A55073297B4C4600EF5F57 /* Reel.swift */,
			);
			path = GameObjects;
			sourceTree = "<group>";
		};
		06A5506E297B46FC00EF5F57 /* Core */ = {
			isa = PBXGroup;
			children = (
				06A5506F297B471400EF5F57 /* GameObject.swift */,
			);
			path = Core;
			sourceTree = "<group>";
		};
		5457C4F1A2123A24D517B2B6 /* Pods */ = {
			isa = PBXGroup;
			children = (
				5596957A3BE330A36CB2F7F1 /* Pods-slot-machine.debug.xcconfig */,
				B5D4EEBD9DE265516EA803A6 /* Pods-slot-machine.release.xcconfig */,
			);
			path = Pods;
			sourceTree = "<group>";
		};
		93EFAF57D45911313418240B /* Frameworks */ = {
			isa = PBXGroup;
			children = (
				82B995BFCE83791459F67CC9 /* Pods_slot_machine.framework */,
			);
			name = Frameworks;
			sourceTree = "<group>";
		};
/* End PBXGroup section */

/* Begin PBXNativeTarget section */
		06A5504629775D5300EF5F57 /* slot-machine */ = {
			isa = PBXNativeTarget;
			buildConfigurationList = 06A5505E29775D5400EF5F57 /* Build configuration list for PBXNativeTarget "slot-machine" */;
			buildPhases = (
				FB5795AA3A41429BD1F89DBF /* [CP] Check Pods Manifest.lock */,
				06A5504329775D5300EF5F57 /* Sources */,
				06A5504429775D5300EF5F57 /* Frameworks */,
				06A5504529775D5300EF5F57 /* Resources */,
				00C68613639B42FBFDC42E71 /* [CP] Embed Pods Frameworks */,
			);
			buildRules = (
			);
			dependencies = (
			);
			name = "slot-machine";
			productName = "slot-machine";
			productReference = 06A5504729775D5300EF5F57 /* Slot Machine.app */;
			productType = "com.apple.product-type.application";
		};
/* End PBXNativeTarget section */

/* Begin PBXProject section */
		06A5503F29775D5300EF5F57 /* Project object */ = {
			isa = PBXProject;
			attributes = {
				BuildIndependentTargetsInParallel = 1;
				LastSwiftUpdateCheck = 1420;
				LastUpgradeCheck = 1420;
				TargetAttributes = {
					06A5504629775D5300EF5F57 = {
						CreatedOnToolsVersion = 14.2;
					};
				};
			};
			buildConfigurationList = 06A5504229775D5300EF5F57 /* Build configuration list for PBXProject "slot-machine" */;
			compatibilityVersion = "Xcode 13.0";
			developmentRegion = en;
			hasScannedForEncodings = 0;
			knownRegions = (
				en,
				Base,
			);
			mainGroup = 06A5503E29775D5300EF5F57;
			productRefGroup = 06A5504829775D5300EF5F57 /* Products */;
			projectDirPath = "";
			projectRoot = "";
			targets = (
				06A5504629775D5300EF5F57 /* slot-machine */,
			);
		};
/* End PBXProject section */

/* Begin PBXResourcesBuildPhase section */
		06A5504529775D5300EF5F57 /* Resources */ = {
			isa = PBXResourcesBuildPhase;
			buildActionMask = 2147483647;
			files = (
				06A5505629775D5300EF5F57 /* Main.storyboard in Resources */,
				06A5504D29775D5300EF5F57 /* GameScene.sks in Resources */,
				06A5505829775D5400EF5F57 /* Assets.xcassets in Resources */,
				06A5505B29775D5400EF5F57 /* LaunchScreen.storyboard in Resources */,
				06A5504F29775D5300EF5F57 /* Actions.sks in Resources */,
				91D7874C299D15160058B5AE /* GoogleService-Info.plist in Resources */,
			);
			runOnlyForDeploymentPostprocessing = 0;
		};
/* End PBXResourcesBuildPhase section */

/* Begin PBXShellScriptBuildPhase section */
		00C68613639B42FBFDC42E71 /* [CP] Embed Pods Frameworks */ = {
			isa = PBXShellScriptBuildPhase;
			buildActionMask = 2147483647;
			files = (
			);
			inputFileListPaths = (
				"${PODS_ROOT}/Target Support Files/Pods-slot-machine/Pods-slot-machine-frameworks-${CONFIGURATION}-input-files.xcfilelist",
			);
			name = "[CP] Embed Pods Frameworks";
			outputFileListPaths = (
				"${PODS_ROOT}/Target Support Files/Pods-slot-machine/Pods-slot-machine-frameworks-${CONFIGURATION}-output-files.xcfilelist",
			);
			runOnlyForDeploymentPostprocessing = 0;
			shellPath = /bin/sh;
			shellScript = "\"${PODS_ROOT}/Target Support Files/Pods-slot-machine/Pods-slot-machine-frameworks.sh\"\n";
			showEnvVarsInLog = 0;
		};
		FB5795AA3A41429BD1F89DBF /* [CP] Check Pods Manifest.lock */ = {
			isa = PBXShellScriptBuildPhase;
			buildActionMask = 2147483647;
			files = (
			);
			inputFileListPaths = (
			);
			inputPaths = (
				"${PODS_PODFILE_DIR_PATH}/Podfile.lock",
				"${PODS_ROOT}/Manifest.lock",
			);
			name = "[CP] Check Pods Manifest.lock";
			outputFileListPaths = (
			);
			outputPaths = (
				"$(DERIVED_FILE_DIR)/Pods-slot-machine-checkManifestLockResult.txt",
			);
			runOnlyForDeploymentPostprocessing = 0;
			shellPath = /bin/sh;
			shellScript = "diff \"${PODS_PODFILE_DIR_PATH}/Podfile.lock\" \"${PODS_ROOT}/Manifest.lock\" > /dev/null\nif [ $? != 0 ] ; then\n    # print error to STDERR\n    echo \"error: The sandbox is not in sync with the Podfile.lock. Run 'pod install' or update your CocoaPods installation.\" >&2\n    exit 1\nfi\n# This output is used by Xcode 'outputs' to avoid re-running this script phase.\necho \"SUCCESS\" > \"${SCRIPT_OUTPUT_FILE_0}\"\n";
			showEnvVarsInLog = 0;
		};
/* End PBXShellScriptBuildPhase section */

/* Begin PBXSourcesBuildPhase section */
		06A5504329775D5300EF5F57 /* Sources */ = {
			isa = PBXSourcesBuildPhase;
			buildActionMask = 2147483647;
			files = (
				913715DA299D1AA40094A4DC /* Course.swift in Sources */,
				06A5505129775D5300EF5F57 /* GameScene.swift in Sources */,
				06A55074297B4C4600EF5F57 /* Reel.swift in Sources */,
				E338658F29778407006BFF33 /* StartPageViewController.swift in Sources */,
				06A55070297B471400EF5F57 /* GameObject.swift in Sources */,
				06A5505329775D5300EF5F57 /* GameViewController.swift in Sources */,
				06A5504B29775D5300EF5F57 /* AppDelegate.swift in Sources */,
				91F6D60D299DCC30008A5E9F /* CourseRepository.swift in Sources */,
				06A5506D297B46B600EF5F57 /* Background.swift in Sources */,
			);
			runOnlyForDeploymentPostprocessing = 0;
		};
/* End PBXSourcesBuildPhase section */

/* Begin PBXVariantGroup section */
		06A5505429775D5300EF5F57 /* Main.storyboard */ = {
			isa = PBXVariantGroup;
			children = (
				06A5505529775D5300EF5F57 /* Base */,
			);
			name = Main.storyboard;
			sourceTree = "<group>";
		};
		06A5505929775D5400EF5F57 /* LaunchScreen.storyboard */ = {
			isa = PBXVariantGroup;
			children = (
				06A5505A29775D5400EF5F57 /* Base */,
			);
			name = LaunchScreen.storyboard;
			sourceTree = "<group>";
		};
/* End PBXVariantGroup section */

/* Begin XCBuildConfiguration section */
		06A5505C29775D5400EF5F57 /* Debug */ = {
			isa = XCBuildConfiguration;
			buildSettings = {
				ALWAYS_SEARCH_USER_PATHS = NO;
				CLANG_ANALYZER_NONNULL = YES;
				CLANG_ANALYZER_NUMBER_OBJECT_CONVERSION = YES_AGGRESSIVE;
				CLANG_CXX_LANGUAGE_STANDARD = "gnu++20";
				CLANG_ENABLE_MODULES = YES;
				CLANG_ENABLE_OBJC_ARC = YES;
				CLANG_ENABLE_OBJC_WEAK = YES;
				CLANG_WARN_BLOCK_CAPTURE_AUTORELEASING = YES;
				CLANG_WARN_BOOL_CONVERSION = YES;
				CLANG_WARN_COMMA = YES;
				CLANG_WARN_CONSTANT_CONVERSION = YES;
				CLANG_WARN_DEPRECATED_OBJC_IMPLEMENTATIONS = YES;
				CLANG_WARN_DIRECT_OBJC_ISA_USAGE = YES_ERROR;
				CLANG_WARN_DOCUMENTATION_COMMENTS = YES;
				CLANG_WARN_EMPTY_BODY = YES;
				CLANG_WARN_ENUM_CONVERSION = YES;
				CLANG_WARN_INFINITE_RECURSION = YES;
				CLANG_WARN_INT_CONVERSION = YES;
				CLANG_WARN_NON_LITERAL_NULL_CONVERSION = YES;
				CLANG_WARN_OBJC_IMPLICIT_RETAIN_SELF = YES;
				CLANG_WARN_OBJC_LITERAL_CONVERSION = YES;
				CLANG_WARN_OBJC_ROOT_CLASS = YES_ERROR;
				CLANG_WARN_QUOTED_INCLUDE_IN_FRAMEWORK_HEADER = YES;
				CLANG_WARN_RANGE_LOOP_ANALYSIS = YES;
				CLANG_WARN_STRICT_PROTOTYPES = YES;
				CLANG_WARN_SUSPICIOUS_MOVE = YES;
				CLANG_WARN_UNGUARDED_AVAILABILITY = YES_AGGRESSIVE;
				CLANG_WARN_UNREACHABLE_CODE = YES;
				CLANG_WARN__DUPLICATE_METHOD_MATCH = YES;
				COPY_PHASE_STRIP = NO;
				DEBUG_INFORMATION_FORMAT = dwarf;
				ENABLE_STRICT_OBJC_MSGSEND = YES;
				ENABLE_TESTABILITY = YES;
				GCC_C_LANGUAGE_STANDARD = gnu11;
				GCC_DYNAMIC_NO_PIC = NO;
				GCC_NO_COMMON_BLOCKS = YES;
				GCC_OPTIMIZATION_LEVEL = 0;
				GCC_PREPROCESSOR_DEFINITIONS = (
					"DEBUG=1",
					"$(inherited)",
				);
				GCC_WARN_64_TO_32_BIT_CONVERSION = YES;
				GCC_WARN_ABOUT_RETURN_TYPE = YES_ERROR;
				GCC_WARN_UNDECLARED_SELECTOR = YES;
				GCC_WARN_UNINITIALIZED_AUTOS = YES_AGGRESSIVE;
				GCC_WARN_UNUSED_FUNCTION = YES;
				GCC_WARN_UNUSED_VARIABLE = YES;
				IPHONEOS_DEPLOYMENT_TARGET = 16.2;
				MTL_ENABLE_DEBUG_INFO = INCLUDE_SOURCE;
				MTL_FAST_MATH = YES;
				ONLY_ACTIVE_ARCH = YES;
				SDKROOT = iphoneos;
				SWIFT_ACTIVE_COMPILATION_CONDITIONS = DEBUG;
				SWIFT_OPTIMIZATION_LEVEL = "-Onone";
			};
			name = Debug;
		};
		06A5505D29775D5400EF5F57 /* Release */ = {
			isa = XCBuildConfiguration;
			buildSettings = {
				ALWAYS_SEARCH_USER_PATHS = NO;
				CLANG_ANALYZER_NONNULL = YES;
				CLANG_ANALYZER_NUMBER_OBJECT_CONVERSION = YES_AGGRESSIVE;
				CLANG_CXX_LANGUAGE_STANDARD = "gnu++20";
				CLANG_ENABLE_MODULES = YES;
				CLANG_ENABLE_OBJC_ARC = YES;
				CLANG_ENABLE_OBJC_WEAK = YES;
				CLANG_WARN_BLOCK_CAPTURE_AUTORELEASING = YES;
				CLANG_WARN_BOOL_CONVERSION = YES;
				CLANG_WARN_COMMA = YES;
				CLANG_WARN_CONSTANT_CONVERSION = YES;
				CLANG_WARN_DEPRECATED_OBJC_IMPLEMENTATIONS = YES;
				CLANG_WARN_DIRECT_OBJC_ISA_USAGE = YES_ERROR;
				CLANG_WARN_DOCUMENTATION_COMMENTS = YES;
				CLANG_WARN_EMPTY_BODY = YES;
				CLANG_WARN_ENUM_CONVERSION = YES;
				CLANG_WARN_INFINITE_RECURSION = YES;
				CLANG_WARN_INT_CONVERSION = YES;
				CLANG_WARN_NON_LITERAL_NULL_CONVERSION = YES;
				CLANG_WARN_OBJC_IMPLICIT_RETAIN_SELF = YES;
				CLANG_WARN_OBJC_LITERAL_CONVERSION = YES;
				CLANG_WARN_OBJC_ROOT_CLASS = YES_ERROR;
				CLANG_WARN_QUOTED_INCLUDE_IN_FRAMEWORK_HEADER = YES;
				CLANG_WARN_RANGE_LOOP_ANALYSIS = YES;
				CLANG_WARN_STRICT_PROTOTYPES = YES;
				CLANG_WARN_SUSPICIOUS_MOVE = YES;
				CLANG_WARN_UNGUARDED_AVAILABILITY = YES_AGGRESSIVE;
				CLANG_WARN_UNREACHABLE_CODE = YES;
				CLANG_WARN__DUPLICATE_METHOD_MATCH = YES;
				COPY_PHASE_STRIP = NO;
				DEBUG_INFORMATION_FORMAT = "dwarf-with-dsym";
				ENABLE_NS_ASSERTIONS = NO;
				ENABLE_STRICT_OBJC_MSGSEND = YES;
				GCC_C_LANGUAGE_STANDARD = gnu11;
				GCC_NO_COMMON_BLOCKS = YES;
				GCC_WARN_64_TO_32_BIT_CONVERSION = YES;
				GCC_WARN_ABOUT_RETURN_TYPE = YES_ERROR;
				GCC_WARN_UNDECLARED_SELECTOR = YES;
				GCC_WARN_UNINITIALIZED_AUTOS = YES_AGGRESSIVE;
				GCC_WARN_UNUSED_FUNCTION = YES;
				GCC_WARN_UNUSED_VARIABLE = YES;
				IPHONEOS_DEPLOYMENT_TARGET = 16.2;
				MTL_ENABLE_DEBUG_INFO = NO;
				MTL_FAST_MATH = YES;
				SDKROOT = iphoneos;
				SWIFT_COMPILATION_MODE = wholemodule;
				SWIFT_OPTIMIZATION_LEVEL = "-O";
				VALIDATE_PRODUCT = YES;
			};
			name = Release;
		};
		06A5505F29775D5400EF5F57 /* Debug */ = {
			isa = XCBuildConfiguration;
			baseConfigurationReference = 5596957A3BE330A36CB2F7F1 /* Pods-slot-machine.debug.xcconfig */;
			buildSettings = {
				ASSETCATALOG_COMPILER_APPICON_NAME = AppIcon;
				ASSETCATALOG_COMPILER_GLOBAL_ACCENT_COLOR_NAME = AccentColor;
				CODE_SIGN_STYLE = Automatic;
				CURRENT_PROJECT_VERSION = 1;
				DEVELOPMENT_TEAM = 86F35FZGK6;
				GENERATE_INFOPLIST_FILE = YES;
				INFOPLIST_KEY_UIApplicationSupportsIndirectInputEvents = YES;
				INFOPLIST_KEY_UILaunchStoryboardName = LaunchScreen;
				INFOPLIST_KEY_UIMainStoryboardFile = Main;
				INFOPLIST_KEY_UIStatusBarHidden = YES;
				INFOPLIST_KEY_UISupportedInterfaceOrientations = UIInterfaceOrientationPortrait;
				IPHONEOS_DEPLOYMENT_TARGET = 15.0;
				LD_RUNPATH_SEARCH_PATHS = (
					"$(inherited)",
					"@executable_path/Frameworks",
				);
				MARKETING_VERSION = 1.0;
				PRODUCT_BUNDLE_IDENTIFIER = "com.sch.slot-machine";
				PRODUCT_NAME = "Slot Machine";
				SUPPORTED_PLATFORMS = "iphoneos iphonesimulator";
				SUPPORTS_MACCATALYST = NO;
				SUPPORTS_MAC_DESIGNED_FOR_IPHONE_IPAD = NO;
				SWIFT_EMIT_LOC_STRINGS = YES;
				SWIFT_VERSION = 5.0;
				TARGETED_DEVICE_FAMILY = "1,2";
			};
			name = Debug;
		};
		06A5506029775D5400EF5F57 /* Release */ = {
			isa = XCBuildConfiguration;
			baseConfigurationReference = B5D4EEBD9DE265516EA803A6 /* Pods-slot-machine.release.xcconfig */;
			buildSettings = {
				ASSETCATALOG_COMPILER_APPICON_NAME = AppIcon;
				ASSETCATALOG_COMPILER_GLOBAL_ACCENT_COLOR_NAME = AccentColor;
				CODE_SIGN_STYLE = Automatic;
				CURRENT_PROJECT_VERSION = 1;
				DEVELOPMENT_TEAM = 86F35FZGK6;
				GENERATE_INFOPLIST_FILE = YES;
				INFOPLIST_KEY_UIApplicationSupportsIndirectInputEvents = YES;
				INFOPLIST_KEY_UILaunchStoryboardName = LaunchScreen;
				INFOPLIST_KEY_UIMainStoryboardFile = Main;
				INFOPLIST_KEY_UIStatusBarHidden = YES;
				INFOPLIST_KEY_UISupportedInterfaceOrientations = UIInterfaceOrientationPortrait;
				IPHONEOS_DEPLOYMENT_TARGET = 15.0;
				LD_RUNPATH_SEARCH_PATHS = (
					"$(inherited)",
					"@executable_path/Frameworks",
				);
				MARKETING_VERSION = 1.0;
				PRODUCT_BUNDLE_IDENTIFIER = "com.sch.slot-machine";
				PRODUCT_NAME = "Slot Machine";
				SUPPORTED_PLATFORMS = "iphoneos iphonesimulator";
				SUPPORTS_MACCATALYST = NO;
				SUPPORTS_MAC_DESIGNED_FOR_IPHONE_IPAD = NO;
				SWIFT_EMIT_LOC_STRINGS = YES;
				SWIFT_VERSION = 5.0;
				TARGETED_DEVICE_FAMILY = "1,2";
			};
			name = Release;
		};
/* End XCBuildConfiguration section */

/* Begin XCConfigurationList section */
		06A5504229775D5300EF5F57 /* Build configuration list for PBXProject "slot-machine" */ = {
			isa = XCConfigurationList;
			buildConfigurations = (
				06A5505C29775D5400EF5F57 /* Debug */,
				06A5505D29775D5400EF5F57 /* Release */,
			);
			defaultConfigurationIsVisible = 0;
			defaultConfigurationName = Release;
		};
		06A5505E29775D5400EF5F57 /* Build configuration list for PBXNativeTarget "slot-machine" */ = {
			isa = XCConfigurationList;
			buildConfigurations = (
				06A5505F29775D5400EF5F57 /* Debug */,
				06A5506029775D5400EF5F57 /* Release */,
			);
			defaultConfigurationIsVisible = 0;
			defaultConfigurationName = Release;
		};
/* End XCConfigurationList section */
	};
	rootObject = 06A5503F29775D5300EF5F57 /* Project object */;
}
